
Microsoft Visual Studio Solution File, Format Version 12.00
# Visual Studio 15
VisualStudioVersion = 15.0.28010.2036
MinimumVisualStudioVersion = 10.0.40219.1
Project("{FAE04EC0-301F-11D3-BF4B-00C04F79EFBC}") = "LogCabin", "LogCabin\LogCabin.csproj", "{A5BC1CE5-8900-4124-A9F6-CDAEC87AEE67}"
EndProject
Global
	GlobalSection(SolutionConfigurationPlatforms) = preSolution
		Debug|Any CPU = Debug|Any CPU
		Release|Any CPU = Release|Any CPU
	EndGlobalSection
	GlobalSection(ProjectConfigurationPlatforms) = postSolution
		{A5BC1CE5-8900-4124-A9F6-CDAEC87AEE67}.Debug|Any CPU.ActiveCfg = Debug|Any CPU
		{A5BC1CE5-8900-4124-A9F6-CDAEC87AEE67}.Debug|Any CPU.Build.0 = Debug|Any CPU
		{A5BC1CE5-8900-4124-A9F6-CDAEC87AEE67}.Release|Any CPU.ActiveCfg = Release|Any CPU
		{A5BC1CE5-8900-4124-A9F6-CDAEC87AEE67}.Release|Any CPU.Build.0 = Release|Any CPU
	EndGlobalSection
	GlobalSection(SolutionProperties) = preSolution
		HideSolutionNode = FALSE
	EndGlobalSection
	GlobalSection(ExtensibilityGlobals) = postSolution
		SolutionGuid = {09EBA2CA-C969-4138-8DE4-5BAC59601221}
	EndGlobalSection
EndGlobal
